{
  "name": "backend",
  "lockfileVersion": 3,
  "requires": true,
  "packages": {
    "": {
      "dependencies": {
        "pymysql": "^1.0.0",
        "whitenoise": "^0.0.1"
      }
    },
    "node_modules/pymysql": {
      "version": "1.0.0",
      "resolved": "https://registry.npmjs.org/pymysql/-/pymysql-1.0.0.tgz",
      "integrity": "sha512-YoJ1mwcdEQi3wKA5/ojRoSg3lIDJ+MOB6ogKGVtY74FqpCiYwxqMOUf5VrwGPoePkXw5f/h3AmWqBpCUPT+yBg==",
      "license": "ISC"
    },
    "node_modules/whitenoise": {
      "version": "0.0.1",
      "resolved": "https://registry.npmjs.org/whitenoise/-/whitenoise-0.0.1.tgz",
      "integrity": "sha512-doAG/PnQWImgIkt/mQiMpLe2xrFUeRs2X/bQn8xWkkMKXHzIBsHKlVYVZLUC3Lci+7Jpx/lmOjcglKmtKNzMaw==",
      "license": "MIT"
    }
  }
}
